// !$*UTF8*$!
{
	archiveVersion = 1;
	classes = {
	};
	objectVersion = 46;
	objects = {

/* Begin PBXBuildFile section */
		A9C28CA21B3D0CA600B24E99 /* AppDelegate.swift in Sources */ = {isa = PBXBuildFile; fileRef = A9C28CA11B3D0CA600B24E99 /* AppDelegate.swift */; };
		A9C28CA41B3D0CA600B24E99 /* ViewController.swift in Sources */ = {isa = PBXBuildFile; fileRef = A9C28CA31B3D0CA600B24E99 /* ViewController.swift */; };
		A9C28CA71B3D0CA600B24E99 /* Main.storyboard in Resources */ = {isa = PBXBuildFile; fileRef = A9C28CA51B3D0CA600B24E99 /* Main.storyboard */; };
		A9C28CA91B3D0CA600B24E99 /* Images.xcassets in Resources */ = {isa = PBXBuildFile; fileRef = A9C28CA81B3D0CA600B24E99 /* Images.xcassets */; };
		A9C28CAC1B3D0CA600B24E99 /* LaunchScreen.xib in Resources */ = {isa = PBXBuildFile; fileRef = A9C28CAA1B3D0CA600B24E99 /* LaunchScreen.xib */; };
		A9C28CB81B3D0CA600B24E99 /* ContactsListTests.swift in Sources */ = {isa = PBXBuildFile; fileRef = A9C28CB71B3D0CA600B24E99 /* ContactsListTests.swift */; };
/* End PBXBuildFile section */

/* Begin PBXContainerItemProxy section */
		A9C28CB21B3D0CA600B24E99 /* PBXContainerItemProxy */ = {
			isa = PBXContainerItemProxy;
			containerPortal = A9C28C941B3D0CA600B24E99 /* Project object */;
			proxyType = 1;
			remoteGlobalIDString = A9C28C9B1B3D0CA600B24E99;
			remoteInfo = ContactsList;
		};
/* End PBXContainerItemProxy section */

/* Begin PBXFileReference section */
		A9C28C9C1B3D0CA600B24E99 /* ContactsList.app */ = {isa = PBXFileReference; explicitFileType = wrapper.application; includeInIndex = 0; path = ContactsList.app; sourceTree = BUILT_PRODUCTS_DIR; };
		A9C28CA01B3D0CA600B24E99 /* Info.plist */ = {isa = PBXFileReference; lastKnownFileType = text.plist.xml; path = Info.plist; sourceTree = "<group>"; };
		A9C28CA11B3D0CA600B24E99 /* AppDelegate.swift */ = {isa = PBXFileReference; lastKnownFileType = sourcecode.swift; path = AppDelegate.swift; sourceTree = "<group>"; };
		A9C28CA31B3D0CA600B24E99 /* ViewController.swift */ = {isa = PBXFileReference; lastKnownFileType = sourcecode.swift; path = ViewController.swift; sourceTree = "<group>"; };
		A9C28CA61B3D0CA600B24E99 /* Base */ = {isa = PBXFileReference; lastKnownFileType = file.storyboard; name = Base; path = Base.lproj/Main.storyboard; sourceTree = "<group>"; };
		A9C28CA81B3D0CA600B24E99 /* Images.xcassets */ = {isa = PBXFileReference; lastKnownFileType = folder.assetcatalog; path = Images.xcassets; sourceTree = "<group>"; };
		A9C28CAB1B3D0CA600B24E99 /* Base */ = {isa = PBXFileReference; lastKnownFileType = file.xib; name = Base; path = Base.lproj/LaunchScreen.xib; sourceTree = "<group>"; };
		A9C28CB11B3D0CA600B24E99 /* ContactsListTests.xctest */ = {isa = PBXFileReference; explicitFileType = wrapper.cfbundle; includeInIndex = 0; path = ContactsListTests.xctest; sourceTree = BUILT_PRODUCTS_DIR; };
		A9C28CB61B3D0CA600B24E99 /* Info.plist */ = {isa = PBXFileReference; lastKnownFileType = text.plist.xml; path = Info.plist; sourceTree = "<group>"; };
		A9C28CB71B3D0CA600B24E99 /* ContactsListTests.swift */ = {isa = PBXFileReference; lastKnownFileType = sourcecode.swift; path = ContactsListTests.swift; sourceTree = "<group>"; };
/* End PBXFileReference section */

/* Begin PBXFrameworksBuildPhase section */
		A9C28C991B3D0CA600B24E99 /* Frameworks */ = {
			isa = PBXFrameworksBuildPhase;
			buildActionMask = 2147483647;
			files = (
			);
			runOnlyForDeploymentPostprocessing = 0;
		};
		A9C28CAE1B3D0CA600B24E99 /* Frameworks */ = {
			isa = PBXFrameworksBuildPhase;
			buildActionMask = 2147483647;
			files = (
			);
			runOnlyForDeploymentPostprocessing = 0;
		};
/* End PBXFrameworksBuildPhase section */

/* Begin PBXGroup section */
		A9C28C931B3D0CA600B24E99 = {
			isa = PBXGroup;
			children = (
				A9C28C9E1B3D0CA600B24E99 /* ContactsList */,
				A9C28CB41B3D0CA600B24E99 /* ContactsListTests */,
				A9C28C9D1B3D0CA600B24E99 /* Products */,
			);
			sourceTree = "<group>";
		};
		A9C28C9D1B3D0CA600B24E99 /* Products */ = {
			isa = PBXGroup;
			children = (
				A9C28C9C1B3D0CA600B24E99 /* ContactsList.app */,
				A9C28CB11B3D0CA600B24E99 /* ContactsListTests.xctest */,
			);
			name = Products;
			sourceTree = "<group>";
		};
		A9C28C9E1B3D0CA600B24E99 /* ContactsList */ = {
			isa = PBXGroup;
			children = (
				A9C28CA11B3D0CA600B24E99 /* AppDelegate.swift */,
				A9C28CA31B3D0CA600B24E99 /* ViewController.swift */,
				A9C28CA51B3D0CA600B24E99 /* Main.storyboard */,
				A9C28CA81B3D0CA600B24E99 /* Images.xcassets */,
				A9C28CAA1B3D0CA600B24E99 /* LaunchScreen.xib */,
				A9C28C9F1B3D0CA600B24E99 /* Supporting Files */,
			);
			path = ContactsList;
			sourceTree = "<group>";
		};
		A9C28C9F1B3D0CA600B24E99 /* Supporting Files */ = {
			isa = PBXGroup;
			children = (
				A9C28CA01B3D0CA600B24E99 /* Info.plist */,
			);
			name = "Supporting Files";
			sourceTree = "<group>";
		};
		A9C28CB41B3D0CA600B24E99 /* ContactsListTests */ = {
			isa = PBXGroup;
			children = (
				A9C28CB71B3D0CA600B24E99 /* ContactsListTests.swift */,
				A9C28CB51B3D0CA600B24E99 /* Supporting Files */,
			);
			path = ContactsListTests;
			sourceTree = "<group>";
		};
		A9C28CB51B3D0CA600B24E99 /* Supporting Files */ = {
			isa = PBXGroup;
			children = (
				A9C28CB61B3D0CA600B24E99 /* Info.plist */,
			);
			name = "Supporting Files";
			sourceTree = "<group>";
		};
/* End PBXGroup section */

/* Begin PBXNativeTarget section */
		A9C28C9B1B3D0CA600B24E99 /* ContactsList */ = {
			isa = PBXNativeTarget;
			buildConfigurationList = A9C28CBB1B3D0CA600B24E99 /* Build configuration list for PBXNativeTarget "ContactsList" */;
			buildPhases = (
				A9C28C981B3D0CA600B24E99 /* Sources */,
				A9C28C991B3D0CA600B24E99 /* Frameworks */,
				A9C28C9A1B3D0CA600B24E99 /* Resources */,
			);
			buildRules = (
			);
			dependencies = (
			);
			name = ContactsList;
			productName = ContactsList;
			productReference = A9C28C9C1B3D0CA600B24E99 /* ContactsList.app */;
			productType = "com.apple.product-type.application";
		};
		A9C28CB01B3D0CA600B24E99 /* ContactsListTests */ = {
			isa = PBXNativeTarget;
			buildConfigurationList = A9C28CBE1B3D0CA600B24E99 /* Build configuration list for PBXNativeTarget "ContactsListTests" */;
			buildPhases = (
				A9C28CAD1B3D0CA600B24E99 /* Sources */,
				A9C28CAE1B3D0CA600B24E99 /* Frameworks */,
				A9C28CAF1B3D0CA600B24E99 /* Resources */,
			);
			buildRules = (
			);
			dependencies = (
				A9C28CB31B3D0CA600B24E99 /* PBXTargetDependency */,
			);
			name = ContactsListTests;
			productName = ContactsListTests;
			productReference = A9C28CB11B3D0CA600B24E99 /* ContactsListTests.xctest */;
			productType = "com.apple.product-type.bundle.unit-test";
		};
/* End PBXNativeTarget section */

/* Begin PBXProject section */
		A9C28C941B3D0CA600B24E99 /* Project object */ = {
			isa = PBXProject;
			attributes = {
				LastUpgradeCheck = 0630;
				ORGANIZATIONNAME = Alejandro;
				TargetAttributes = {
					A9C28C9B1B3D0CA600B24E99 = {
						CreatedOnToolsVersion = 6.3;
					};
					A9C28CB01B3D0CA600B24E99 = {
						CreatedOnToolsVersion = 6.3;
						TestTargetID = A9C28C9B1B3D0CA600B24E99;
					};
				};
			};
			buildConfigurationList = A9C28C971B3D0CA600B24E99 /* Build configuration list for PBXProject "ContactsList" */;
			compatibilityVersion = "Xcode 3.2";
			developmentRegion = English;
			hasScannedForEncodings = 0;
			knownRegions = (
				en,
				Base,
			);
			mainGroup = A9C28C931B3D0CA600B24E99;
			productRefGroup = A9C28C9D1B3D0CA600B24E99 /* Products */;
			projectDirPath = "";
			projectRoot = "";
			targets = (
				A9C28C9B1B3D0CA600B24E99 /* ContactsList */,
				A9C28CB01B3D0CA600B24E99 /* ContactsListTests */,
			);
		};
/* End PBXProject section */

/* Begin PBXResourcesBuildPhase section */
		A9C28C9A1B3D0CA600B24E99 /* Resources */ = {
			isa = PBXResourcesBuildPhase;
			buildActionMask = 2147483647;
			files = (
				A9C28CA71B3D0CA600B24E99 /* Main.storyboard in Resources */,
				A9C28CAC1B3D0CA600B24E99 /* LaunchScreen.xib in Resources */,
				A9C28CA91B3D0CA600B24E99 /* Images.xcassets in Resources */,
			);
			runOnlyForDeploymentPostprocessing = 0;
		};
		A9C28CAF1B3D0CA600B24E99 /* Resources */ = {
			isa = PBXResourcesBuildPhase;
			buildActionMask = 2147483647;
			files = (
			);
			runOnlyForDeploymentPostprocessing = 0;
		};
/* End PBXResourcesBuildPhase section */

/* Begin PBXSourcesBuildPhase section */
		A9C28C981B3D0CA600B24E99 /* Sources */ = {
			isa = PBXSourcesBuildPhase;
			buildActionMask = 2147483647;
			files = (
				A9C28CA41B3D0CA600B24E99 /* ViewController.swift in Sources */,
				A9C28CA21B3D0CA600B24E99 /* AppDelegate.swift in Sources */,
			);
			runOnlyForDeploymentPostprocessing = 0;
		};
		A9C28CAD1B3D0CA600B24E99 /* Sources */ = {
			isa = PBXSourcesBuildPhase;
			buildActionMask = 2147483647;
			files = (
				A9C28CB81B3D0CA600B24E99 /* ContactsListTests.swift in Sources */,
			);
			runOnlyForDeploymentPostprocessing = 0;
		};
/* End PBXSourcesBuildPhase section */

/* Begin PBXTargetDependency section */
		A9C28CB31B3D0CA600B24E99 /* PBXTargetDependency */ = {
			isa = PBXTargetDependency;
			target = A9C28C9B1B3D0CA600B24E99 /* ContactsList */;
			targetProxy = A9C28CB21B3D0CA600B24E99 /* PBXContainerItemProxy */;
		};
/* End PBXTargetDependency section */

/* Begin PBXVariantGroup section */
		A9C28CA51B3D0CA600B24E99 /* Main.storyboard */ = {
			isa = PBXVariantGroup;
			children = (
				A9C28CA61B3D0CA600B24E99 /* Base */,
			);
			name = Main.storyboard;
			sourceTree = "<group>";
		};
		A9C28CAA1B3D0CA600B24E99 /* LaunchScreen.xib */ = {
			isa = PBXVariantGroup;
			children = (
				A9C28CAB1B3D0CA600B24E99 /* Base */,
			);
			name = LaunchScreen.xib;
			sourceTree = "<group>";
		};
/* End PBXVariantGroup section */

/* Begin XCBuildConfiguration section */
		A9C28CB91B3D0CA600B24E99 /* Debug */ = {
			isa = XCBuildConfiguration;
			buildSettings = {
				ALWAYS_SEARCH_USER_PATHS = NO;
				CLANG_CXX_LANGUAGE_STANDARD = "gnu++0x";
				CLANG_CXX_LIBRARY = "libc++";
				CLANG_ENABLE_MODULES = YES;
				CLANG_ENABLE_OBJC_ARC = YES;
				CLANG_WARN_BOOL_CONVERSION = YES;
				CLANG_WARN_CONSTANT_CONVERSION = YES;
				CLANG_WARN_DIRECT_OBJC_ISA_USAGE = YES_ERROR;
				CLANG_WARN_EMPTY_BODY = YES;
				CLANG_WARN_ENUM_CONVERSION = YES;
				CLANG_WARN_INT_CONVERSION = YES;
				CLANG_WARN_OBJC_ROOT_CLASS = YES_ERROR;
				CLANG_WARN_UNREACHABLE_CODE = YES;
				CLANG_WARN__DUPLICATE_METHOD_MATCH = YES;
				"CODE_SIGN_IDENTITY[sdk=iphoneos*]" = "iPhone Developer";
				COPY_PHASE_STRIP = NO;
				DEBUG_INFORMATION_FORMAT = "dwarf-with-dsym";
				ENABLE_STRICT_OBJC_MSGSEND = YES;
				GCC_C_LANGUAGE_STANDARD = gnu99;
				GCC_DYNAMIC_NO_PIC = NO;
				GCC_NO_COMMON_BLOCKS = YES;
				GCC_OPTIMIZATION_LEVEL = 0;
				GCC_PREPROCESSOR_DEFINITIONS = (
					"DEBUG=1",
					"$(inherited)",
				);
				GCC_SYMBOLS_PRIVATE_EXTERN = NO;
				GCC_WARN_64_TO_32_BIT_CONVERSION = YES;
				GCC_WARN_ABOUT_RETURN_TYPE = YES_ERROR;
				GCC_WARN_UNDECLARED_SELECTOR = YES;
				GCC_WARN_UNINITIALIZED_AUTOS = YES_AGGRESSIVE;
				GCC_WARN_UNUSED_FUNCTION = YES;
				GCC_WARN_UNUSED_VARIABLE = YES;
				IPHONEOS_DEPLOYMENT_TARGET = 8.3;
				MTL_ENABLE_DEBUG_INFO = YES;
				ONLY_ACTIVE_ARCH = YES;
				SDKROOT = iphoneos;
				SWIFT_OPTIMIZATION_LEVEL = "-Onone";
			};
			name = Debug;
		};
		A9C28CBA1B3D0CA600B24E99 /* Release */ = {
			isa = XCBuildConfiguration;
			buildSettings = {
				ALWAYS_SEARCH_USER_PATHS = NO;
				CLANG_CXX_LANGUAGE_STANDARD = "gnu++0x";
				CLANG_CXX_LIBRARY = "libc++";
				CLANG_ENABLE_MODULES = YES;
				CLANG_ENABLE_OBJC_ARC = YES;
				CLANG_WARN_BOOL_CONVERSION = YES;
				CLANG_WARN_CONSTANT_CONVERSION = YES;
				CLANG_WARN_DIRECT_OBJC_ISA_USAGE = YES_ERROR;
				CLANG_WARN_EMPTY_BODY = YES;
				CLANG_WARN_ENUM_CONVERSION = YES;
				CLANG_WARN_INT_CONVERSION = YES;
				CLANG_WARN_OBJC_ROOT_CLASS = YES_ERROR;
				CLANG_WARN_UNREACHABLE_CODE = YES;
				CLANG_WARN__DUPLICATE_METHOD_MATCH = YES;
				"CODE_SIGN_IDENTITY[sdk=iphoneos*]" = "iPhone Developer";
				COPY_PHASE_STRIP = NO;
				DEBUG_INFORMATION_FORMAT = "dwarf-with-dsym";
				ENABLE_NS_ASSERTIONS = NO;
				ENABLE_STRICT_OBJC_MSGSEND = YES;
				GCC_C_LANGUAGE_STANDARD = gnu99;
				GCC_NO_COMMON_BLOCKS = YES;
				GCC_WARN_64_TO_32_BIT_CONVERSION = YES;
				GCC_WARN_ABOUT_RETURN_TYPE = YES_ERROR;
				GCC_WARN_UNDECLARED_SELECTOR = YES;
				GCC_WARN_UNINITIALIZED_AUTOS = YES_AGGRESSIVE;
				GCC_WARN_UNUSED_FUNCTION = YES;
				GCC_WARN_UNUSED_VARIABLE = YES;
				IPHONEOS_DEPLOYMENT_TARGET = 8.3;
				MTL_ENABLE_DEBUG_INFO = NO;
				SDKROOT = iphoneos;
				VALIDATE_PRODUCT = YES;
			};
			name = Release;
		};
		A9C28CBC1B3D0CA600B24E99 /* Debug */ = {
			isa = XCBuildConfiguration;
			buildSettings = {
				ASSETCATALOG_COMPILER_APPICON_NAME = AppIcon;
				INFOPLIST_FILE = ContactsList/Info.plist;
				LD_RUNPATH_SEARCH_PATHS = "$(inherited) @executable_path/Frameworks";
				PRODUCT_NAME = "$(TARGET_NAME)";
			};
			name = Debug;
		};
		A9C28CBD1B3D0CA600B24E99 /* Release */ = {
			isa = XCBuildConfiguration;
			buildSettings = {
				ASSETCATALOG_COMPILER_APPICON_NAME = AppIcon;
				INFOPLIST_FILE = ContactsList/Info.plist;
				LD_RUNPATH_SEARCH_PATHS = "$(inherited) @executable_path/Frameworks";
				PRODUCT_NAME = "$(TARGET_NAME)";
			};
			name = Release;
		};
		A9C28CBF1B3D0CA600B24E99 /* Debug */ = {
			isa = XCBuildConfiguration;
			buildSettings = {
				BUNDLE_LOADER = "$(TEST_HOST)";
				FRAMEWORK_SEARCH_PATHS = (
					"$(SDKROOT)/Developer/Library/Frameworks",
					"$(inherited)",
				);
				GCC_PREPROCESSOR_DEFINITIONS = (
					"DEBUG=1",
					"$(inherited)",
				);
				INFOPLIST_FILE = ContactsListTests/Info.plist;
				LD_RUNPATH_SEARCH_PATHS = "$(inherited) @executable_path/Frameworks @loader_path/Frameworks";
				PRODUCT_NAME = "$(TARGET_NAME)";
				TEST_HOST = "$(BUILT_PRODUCTS_DIR)/ContactsList.app/ContactsList";
			};
			name = Debug;
		};
		A9C28CC01B3D0CA600B24E99 /* Release */ = {
			isa = XCBuildConfiguration;
			buildSettings = {
				BUNDLE_LOADER = "$(TEST_HOST)";
				FRAMEWORK_SEARCH_PATHS = (
					"$(SDKROOT)/Developer/Library/Frameworks",
					"$(inherited)",
				);
				INFOPLIST_FILE = ContactsListTests/Info.plist;
				LD_RUNPATH_SEARCH_PATHS = "$(inherited) @executable_path/Frameworks @loader_path/Frameworks";
				PRODUCT_NAME = "$(TARGET_NAME)";
				TEST_HOST = "$(BUILT_PRODUCTS_DIR)/ContactsList.app/ContactsList";
			};
			name = Release;
		};
/* End XCBuildConfiguration section */

/* Begin XCConfigurationList section */
		A9C28C971B3D0CA600B24E99 /* Build configuration list for PBXProject "ContactsList" */ = {
			isa = XCConfigurationList;
			buildConfigurations = (
				A9C28CB91B3D0CA600B24E99 /* Debug */,
				A9C28CBA1B3D0CA600B24E99 /* Release */,
			);
			defaultConfigurationIsVisible = 0;
			defaultConfigurationName = Release;
		};
		A9C28CBB1B3D0CA600B24E99 /* Build configuration list for PBXNativeTarget "ContactsList" */ = {
			isa = XCConfigurationList;
			buildConfigurations = (
				A9C28CBC1B3D0CA600B24E99 /* Debug */,
				A9C28CBD1B3D0CA600B24E99 /* Release */,
			);
			defaultConfigurationIsVisible = 0;
		};
		A9C28CBE1B3D0CA600B24E99 /* Build configuration list for PBXNativeTarget "ContactsListTests" */ = {
			isa = XCConfigurationList;
			buildConfigurations = (
				A9C28CBF1B3D0CA600B24E99 /* Debug */,
				A9C28CC01B3D0CA600B24E99 /* Release */,
			);
			defaultConfigurationIsVisible = 0;
		};
/* End XCConfigurationList section */
	};
	rootObject = A9C28C941B3D0CA600B24E99 /* Project object */;
}
